// !$*UTF8*$!
{
	archiveVersion = 1;
	classes = {
	};
	objectVersion = 56;
	objects = {

/* Begin PBXBuildFile section */
		61112BD62B979AE400FA0008 /* AppDelegate.swift in Sources */ = {isa = PBXBuildFile; fileRef = 61112BD52B979AE400FA0008 /* AppDelegate.swift */; };
		61112BD82B979AE400FA0008 /* SceneDelegate.swift in Sources */ = {isa = PBXBuildFile; fileRef = 61112BD72B979AE400FA0008 /* SceneDelegate.swift */; };
		61112BDD2B979AE400FA0008 /* Main.storyboard in Resources */ = {isa = PBXBuildFile; fileRef = 61112BDB2B979AE400FA0008 /* Main.storyboard */; };
		61112BDF2B979AE500FA0008 /* Assets.xcassets in Resources */ = {isa = PBXBuildFile; fileRef = 61112BDE2B979AE500FA0008 /* Assets.xcassets */; };
		61112BE22B979AE500FA0008 /* LaunchScreen.storyboard in Resources */ = {isa = PBXBuildFile; fileRef = 61112BE02B979AE500FA0008 /* LaunchScreen.storyboard */; };
		611D05062B98844800C81150 /* AppModel.swift in Sources */ = {isa = PBXBuildFile; fileRef = 611D05052B98844800C81150 /* AppModel.swift */; };
		611D05082B9889B000C81150 /* HomeViewController.swift in Sources */ = {isa = PBXBuildFile; fileRef = 611D05072B9889B000C81150 /* HomeViewController.swift */; };
		6685455D2B98509C00399571 /* app.json in Resources */ = {isa = PBXBuildFile; fileRef = 6685455C2B98509C00399571 /* app.json */; };
/* End PBXBuildFile section */

/* Begin PBXFileReference section */
		61112BD22B979AE400FA0008 /* Listen24-7.app */ = {isa = PBXFileReference; explicitFileType = wrapper.application; includeInIndex = 0; path = "Listen24-7.app"; sourceTree = BUILT_PRODUCTS_DIR; };
		61112BD52B979AE400FA0008 /* AppDelegate.swift */ = {isa = PBXFileReference; lastKnownFileType = sourcecode.swift; path = AppDelegate.swift; sourceTree = "<group>"; };
		61112BD72B979AE400FA0008 /* SceneDelegate.swift */ = {isa = PBXFileReference; lastKnownFileType = sourcecode.swift; path = SceneDelegate.swift; sourceTree = "<group>"; };
		61112BDC2B979AE400FA0008 /* Base */ = {isa = PBXFileReference; lastKnownFileType = file.storyboard; name = Base; path = Base.lproj/Main.storyboard; sourceTree = "<group>"; };
		61112BDE2B979AE500FA0008 /* Assets.xcassets */ = {isa = PBXFileReference; lastKnownFileType = folder.assetcatalog; path = Assets.xcassets; sourceTree = "<group>"; };
		61112BE12B979AE500FA0008 /* Base */ = {isa = PBXFileReference; lastKnownFileType = file.storyboard; name = Base; path = Base.lproj/LaunchScreen.storyboard; sourceTree = "<group>"; };
		61112BE32B979AE500FA0008 /* Info.plist */ = {isa = PBXFileReference; lastKnownFileType = text.plist.xml; path = Info.plist; sourceTree = "<group>"; };
		611D05052B98844800C81150 /* AppModel.swift */ = {isa = PBXFileReference; lastKnownFileType = sourcecode.swift; path = AppModel.swift; sourceTree = "<group>"; };
		611D05072B9889B000C81150 /* HomeViewController.swift */ = {isa = PBXFileReference; lastKnownFileType = sourcecode.swift; path = HomeViewController.swift; sourceTree = "<group>"; };
		6685455C2B98509C00399571 /* app.json */ = {isa = PBXFileReference; lastKnownFileType = text.json; path = app.json; sourceTree = "<group>"; };
/* End PBXFileReference section */

/* Begin PBXFrameworksBuildPhase section */
		61112BCF2B979AE400FA0008 /* Frameworks */ = {
			isa = PBXFrameworksBuildPhase;
			buildActionMask = 2147483647;
			files = (
			);
			runOnlyForDeploymentPostprocessing = 0;
		};
/* End PBXFrameworksBuildPhase section */

/* Begin PBXGroup section */
		61112BC92B979AE300FA0008 = {
			isa = PBXGroup;
			children = (
				61112BD42B979AE400FA0008 /* Listen24-7 */,
				61112BD32B979AE400FA0008 /* Products */,
			);
			sourceTree = "<group>";
		};
		61112BD32B979AE400FA0008 /* Products */ = {
			isa = PBXGroup;
			children = (
				61112BD22B979AE400FA0008 /* Listen24-7.app */,
			);
			name = Products;
			sourceTree = "<group>";
		};
		61112BD42B979AE400FA0008 /* Listen24-7 */ = {
			isa = PBXGroup;
			children = (
				668545592B98397400399571 /* Support */,
				61CA20382B97B7E70027A2FD /* Library */,
				61CA20372B97B7A30027A2FD /* Radio */,
				61CA20362B97B79B0027A2FD /* Explore */,
				61CA20352B97B7560027A2FD /* Music */,
				61CA20342B97B6CE0027A2FD /* Home */,
				61112BDB2B979AE400FA0008 /* Main.storyboard */,
				61112BDE2B979AE500FA0008 /* Assets.xcassets */,
				61112BE02B979AE500FA0008 /* LaunchScreen.storyboard */,
				61112BE32B979AE500FA0008 /* Info.plist */,
				6685455C2B98509C00399571 /* app.json */,
				611D05052B98844800C81150 /* AppModel.swift */,
			);
			path = "Listen24-7";
			sourceTree = "<group>";
		};
		61CA20342B97B6CE0027A2FD /* Home */ = {
			isa = PBXGroup;
			children = (
				611D05072B9889B000C81150 /* HomeViewController.swift */,
			);
			path = Home;
			sourceTree = "<group>";
		};
		61CA20352B97B7560027A2FD /* Music */ = {
			isa = PBXGroup;
			children = (
			);
			path = Music;
			sourceTree = "<group>";
		};
		61CA20362B97B79B0027A2FD /* Explore */ = {
			isa = PBXGroup;
			children = (
			);
			path = Explore;
			sourceTree = "<group>";
		};
		61CA20372B97B7A30027A2FD /* Radio */ = {
			isa = PBXGroup;
			children = (
			);
			path = Radio;
			sourceTree = "<group>";
		};
		61CA20382B97B7E70027A2FD /* Library */ = {
			isa = PBXGroup;
			children = (
			);
			path = Library;
			sourceTree = "<group>";
		};
		668545592B98397400399571 /* Support */ = {
			isa = PBXGroup;
			children = (
				61112BD52B979AE400FA0008 /* AppDelegate.swift */,
				61112BD72B979AE400FA0008 /* SceneDelegate.swift */,
			);
			path = Support;
			sourceTree = "<group>";
		};
/* End PBXGroup section */

/* Begin PBXNativeTarget section */
		61112BD12B979AE400FA0008 /* Listen24-7 */ = {
			isa = PBXNativeTarget;
			buildConfigurationList = 61112BE62B979AE500FA0008 /* Build configuration list for PBXNativeTarget "Listen24-7" */;
			buildPhases = (
				61112BCE2B979AE400FA0008 /* Sources */,
				61112BCF2B979AE400FA0008 /* Frameworks */,
				61112BD02B979AE400FA0008 /* Resources */,
			);
			buildRules = (
			);
			dependencies = (
			);
			name = "Listen24-7";
			productName = "Listen24-7";
			productReference = 61112BD22B979AE400FA0008 /* Listen24-7.app */;
			productType = "com.apple.product-type.application";
		};
/* End PBXNativeTarget section */

/* Begin PBXProject section */
		61112BCA2B979AE300FA0008 /* Project object */ = {
			isa = PBXProject;
			attributes = {
				BuildIndependentTargetsInParallel = 1;
				LastSwiftUpdateCheck = 1520;
				LastUpgradeCheck = 1520;
				TargetAttributes = {
					61112BD12B979AE400FA0008 = {
						CreatedOnToolsVersion = 15.2;
					};
				};
			};
			buildConfigurationList = 61112BCD2B979AE300FA0008 /* Build configuration list for PBXProject "Listen24-7" */;
			compatibilityVersion = "Xcode 14.0";
			developmentRegion = en;
			hasScannedForEncodings = 0;
			knownRegions = (
				en,
				Base,
			);
			mainGroup = 61112BC92B979AE300FA0008;
			productRefGroup = 61112BD32B979AE400FA0008 /* Products */;
			projectDirPath = "";
			projectRoot = "";
			targets = (
				61112BD12B979AE400FA0008 /* Listen24-7 */,
			);
		};
/* End PBXProject section */

/* Begin PBXResourcesBuildPhase section */
		61112BD02B979AE400FA0008 /* Resources */ = {
			isa = PBXResourcesBuildPhase;
			buildActionMask = 2147483647;
			files = (
				61112BE22B979AE500FA0008 /* LaunchScreen.storyboard in Resources */,
				6685455D2B98509C00399571 /* app.json in Resources */,
				61112BDF2B979AE500FA0008 /* Assets.xcassets in Resources */,
				61112BDD2B979AE400FA0008 /* Main.storyboard in Resources */,
			);
			runOnlyForDeploymentPostprocessing = 0;
		};
/* End PBXResourcesBuildPhase section */

/* Begin PBXSourcesBuildPhase section */
		61112BCE2B979AE400FA0008 /* Sources */ = {
			isa = PBXSourcesBuildPhase;
			buildActionMask = 2147483647;
			files = (
				61112BD62B979AE400FA0008 /* AppDelegate.swift in Sources */,
				611D05062B98844800C81150 /* AppModel.swift in Sources */,
				61112BD82B979AE400FA0008 /* SceneDelegate.swift in Sources */,
				611D05082B9889B000C81150 /* HomeViewController.swift in Sources */,
			);
			runOnlyForDeploymentPostprocessing = 0;
		};
/* End PBXSourcesBuildPhase section */

/* Begin PBXVariantGroup section */
		61112BDB2B979AE400FA0008 /* Main.storyboard */ = {
			isa = PBXVariantGroup;
			children = (
				61112BDC2B979AE400FA0008 /* Base */,
			);
			name = Main.storyboard;
			sourceTree = "<group>";
		};
		61112BE02B979AE500FA0008 /* LaunchScreen.storyboard */ = {
			isa = PBXVariantGroup;
			children = (
				61112BE12B979AE500FA0008 /* Base */,
			);
			name = LaunchScreen.storyboard;
			sourceTree = "<group>";
		};
/* End PBXVariantGroup section */

/* Begin XCBuildConfiguration section */
		61112BE42B979AE500FA0008 /* Debug */ = {
			isa = XCBuildConfiguration;
			buildSettings = {
				ALWAYS_SEARCH_USER_PATHS = NO;
				ASSETCATALOG_COMPILER_GENERATE_SWIFT_ASSET_SYMBOL_EXTENSIONS = YES;
				CLANG_ANALYZER_NONNULL = YES;
				CLANG_ANALYZER_NUMBER_OBJECT_CONVERSION = YES_AGGRESSIVE;
				CLANG_CXX_LANGUAGE_STANDARD = "gnu++20";
				CLANG_ENABLE_MODULES = YES;
				CLANG_ENABLE_OBJC_ARC = YES;
				CLANG_ENABLE_OBJC_WEAK = YES;
				CLANG_WARN_BLOCK_CAPTURE_AUTORELEASING = YES;
				CLANG_WARN_BOOL_CONVERSION = YES;
				CLANG_WARN_COMMA = YES;
				CLANG_WARN_CONSTANT_CONVERSION = YES;
				CLANG_WARN_DEPRECATED_OBJC_IMPLEMENTATIONS = YES;
				CLANG_WARN_DIRECT_OBJC_ISA_USAGE = YES_ERROR;
				CLANG_WARN_DOCUMENTATION_COMMENTS = YES;
				CLANG_WARN_EMPTY_BODY = YES;
				CLANG_WARN_ENUM_CONVERSION = YES;
				CLANG_WARN_INFINITE_RECURSION = YES;
				CLANG_WARN_INT_CONVERSION = YES;
				CLANG_WARN_NON_LITERAL_NULL_CONVERSION = YES;
				CLANG_WARN_OBJC_IMPLICIT_RETAIN_SELF = YES;
				CLANG_WARN_OBJC_LITERAL_CONVERSION = YES;
				CLANG_WARN_OBJC_ROOT_CLASS = YES_ERROR;
				CLANG_WARN_QUOTED_INCLUDE_IN_FRAMEWORK_HEADER = YES;
				CLANG_WARN_RANGE_LOOP_ANALYSIS = YES;
				CLANG_WARN_STRICT_PROTOTYPES = YES;
				CLANG_WARN_SUSPICIOUS_MOVE = YES;
				CLANG_WARN_UNGUARDED_AVAILABILITY = YES_AGGRESSIVE;
				CLANG_WARN_UNREACHABLE_CODE = YES;
				CLANG_WARN__DUPLICATE_METHOD_MATCH = YES;
				COPY_PHASE_STRIP = NO;
				DEBUG_INFORMATION_FORMAT = dwarf;
				ENABLE_STRICT_OBJC_MSGSEND = YES;
				ENABLE_TESTABILITY = YES;
				ENABLE_USER_SCRIPT_SANDBOXING = YES;
				GCC_C_LANGUAGE_STANDARD = gnu17;
				GCC_DYNAMIC_NO_PIC = NO;
				GCC_NO_COMMON_BLOCKS = YES;
				GCC_OPTIMIZATION_LEVEL = 0;
				GCC_PREPROCESSOR_DEFINITIONS = (
					"DEBUG=1",
					"$(inherited)",
				);
				GCC_WARN_64_TO_32_BIT_CONVERSION = YES;
				GCC_WARN_ABOUT_RETURN_TYPE = YES_ERROR;
				GCC_WARN_UNDECLARED_SELECTOR = YES;
				GCC_WARN_UNINITIALIZED_AUTOS = YES_AGGRESSIVE;
				GCC_WARN_UNUSED_FUNCTION = YES;
				GCC_WARN_UNUSED_VARIABLE = YES;
				IPHONEOS_DEPLOYMENT_TARGET = 17.2;
				LOCALIZATION_PREFERS_STRING_CATALOGS = YES;
				MTL_ENABLE_DEBUG_INFO = INCLUDE_SOURCE;
				MTL_FAST_MATH = YES;
				ONLY_ACTIVE_ARCH = YES;
				SDKROOT = iphoneos;
				SWIFT_ACTIVE_COMPILATION_CONDITIONS = "DEBUG $(inherited)";
				SWIFT_OPTIMIZATION_LEVEL = "-Onone";
			};
			name = Debug;
		};
		61112BE52B979AE500FA0008 /* Release */ = {
			isa = XCBuildConfiguration;
			buildSettings = {
				ALWAYS_SEARCH_USER_PATHS = NO;
				ASSETCATALOG_COMPILER_GENERATE_SWIFT_ASSET_SYMBOL_EXTENSIONS = YES;
				CLANG_ANALYZER_NONNULL = YES;
				CLANG_ANALYZER_NUMBER_OBJECT_CONVERSION = YES_AGGRESSIVE;
				CLANG_CXX_LANGUAGE_STANDARD = "gnu++20";
				CLANG_ENABLE_MODULES = YES;
				CLANG_ENABLE_OBJC_ARC = YES;
				CLANG_ENABLE_OBJC_WEAK = YES;
				CLANG_WARN_BLOCK_CAPTURE_AUTORELEASING = YES;
				CLANG_WARN_BOOL_CONVERSION = YES;
				CLANG_WARN_COMMA = YES;
				CLANG_WARN_CONSTANT_CONVERSION = YES;
				CLANG_WARN_DEPRECATED_OBJC_IMPLEMENTATIONS = YES;
				CLANG_WARN_DIRECT_OBJC_ISA_USAGE = YES_ERROR;
				CLANG_WARN_DOCUMENTATION_COMMENTS = YES;
				CLANG_WARN_EMPTY_BODY = YES;
				CLANG_WARN_ENUM_CONVERSION = YES;
				CLANG_WARN_INFINITE_RECURSION = YES;
				CLANG_WARN_INT_CONVERSION = YES;
				CLANG_WARN_NON_LITERAL_NULL_CONVERSION = YES;
				CLANG_WARN_OBJC_IMPLICIT_RETAIN_SELF = YES;
				CLANG_WARN_OBJC_LITERAL_CONVERSION = YES;
				CLANG_WARN_OBJC_ROOT_CLASS = YES_ERROR;
				CLANG_WARN_QUOTED_INCLUDE_IN_FRAMEWORK_HEADER = YES;
				CLANG_WARN_RANGE_LOOP_ANALYSIS = YES;
				CLANG_WARN_STRICT_PROTOTYPES = YES;
				CLANG_WARN_SUSPICIOUS_MOVE = YES;
				CLANG_WARN_UNGUARDED_AVAILABILITY = YES_AGGRESSIVE;
				CLANG_WARN_UNREACHABLE_CODE = YES;
				CLANG_WARN__DUPLICATE_METHOD_MATCH = YES;
				COPY_PHASE_STRIP = NO;
				DEBUG_INFORMATION_FORMAT = "dwarf-with-dsym";
				ENABLE_NS_ASSERTIONS = NO;
				ENABLE_STRICT_OBJC_MSGSEND = YES;
				ENABLE_USER_SCRIPT_SANDBOXING = YES;
				GCC_C_LANGUAGE_STANDARD = gnu17;
				GCC_NO_COMMON_BLOCKS = YES;
				GCC_WARN_64_TO_32_BIT_CONVERSION = YES;
				GCC_WARN_ABOUT_RETURN_TYPE = YES_ERROR;
				GCC_WARN_UNDECLARED_SELECTOR = YES;
				GCC_WARN_UNINITIALIZED_AUTOS = YES_AGGRESSIVE;
				GCC_WARN_UNUSED_FUNCTION = YES;
				GCC_WARN_UNUSED_VARIABLE = YES;
				IPHONEOS_DEPLOYMENT_TARGET = 17.2;
				LOCALIZATION_PREFERS_STRING_CATALOGS = YES;
				MTL_ENABLE_DEBUG_INFO = NO;
				MTL_FAST_MATH = YES;
				SDKROOT = iphoneos;
				SWIFT_COMPILATION_MODE = wholemodule;
				VALIDATE_PRODUCT = YES;
			};
			name = Release;
		};
		61112BE72B979AE500FA0008 /* Debug */ = {
			isa = XCBuildConfiguration;
			buildSettings = {
				ASSETCATALOG_COMPILER_APPICON_NAME = AppIcon;
				ASSETCATALOG_COMPILER_GLOBAL_ACCENT_COLOR_NAME = AccentColor;
				CODE_SIGN_STYLE = Automatic;
				CURRENT_PROJECT_VERSION = 1;
				DEVELOPMENT_TEAM = 4866964873;
				GENERATE_INFOPLIST_FILE = YES;
				INFOPLIST_FILE = "Listen24-7/Info.plist";
				INFOPLIST_KEY_UIApplicationSupportsIndirectInputEvents = YES;
				INFOPLIST_KEY_UILaunchStoryboardName = LaunchScreen;
				INFOPLIST_KEY_UIMainStoryboardFile = Main;
				INFOPLIST_KEY_UISupportedInterfaceOrientations_iPad = "UIInterfaceOrientationPortrait UIInterfaceOrientationPortraitUpsideDown UIInterfaceOrientationLandscapeLeft UIInterfaceOrientationLandscapeRight";
				INFOPLIST_KEY_UISupportedInterfaceOrientations_iPhone = "UIInterfaceOrientationPortrait UIInterfaceOrientationLandscapeLeft UIInterfaceOrientationLandscapeRight";
				LD_RUNPATH_SEARCH_PATHS = (
					"$(inherited)",
					"@executable_path/Frameworks",
				);
				MARKETING_VERSION = 1.0;
				PRODUCT_BUNDLE_IDENTIFIER = "com.IremSever.Listen24-7";
				PRODUCT_NAME = "$(TARGET_NAME)";
				SWIFT_EMIT_LOC_STRINGS = YES;
				SWIFT_VERSION = 5.0;
				TARGETED_DEVICE_FAMILY = "1,2";
			};
			name = Debug;
		};
		61112BE82B979AE500FA0008 /* Release */ = {
			isa = XCBuildConfiguration;
			buildSettings = {
				ASSETCATALOG_COMPILER_APPICON_NAME = AppIcon;
				ASSETCATALOG_COMPILER_GLOBAL_ACCENT_COLOR_NAME = AccentColor;
				CODE_SIGN_STYLE = Automatic;
				CURRENT_PROJECT_VERSION = 1;
				DEVELOPMENT_TEAM = 4866964873;
				GENERATE_INFOPLIST_FILE = YES;
				INFOPLIST_FILE = "Listen24-7/Info.plist";
				INFOPLIST_KEY_UIApplicationSupportsIndirectInputEvents = YES;
				INFOPLIST_KEY_UILaunchStoryboardName = LaunchScreen;
				INFOPLIST_KEY_UIMainStoryboardFile = Main;
				INFOPLIST_KEY_UISupportedInterfaceOrientations_iPad = "UIInterfaceOrientationPortrait UIInterfaceOrientationPortraitUpsideDown UIInterfaceOrientationLandscapeLeft UIInterfaceOrientationLandscapeRight";
				INFOPLIST_KEY_UISupportedInterfaceOrientations_iPhone = "UIInterfaceOrientationPortrait UIInterfaceOrientationLandscapeLeft UIInterfaceOrientationLandscapeRight";
				LD_RUNPATH_SEARCH_PATHS = (
					"$(inherited)",
					"@executable_path/Frameworks",
				);
				MARKETING_VERSION = 1.0;
				PRODUCT_BUNDLE_IDENTIFIER = "com.IremSever.Listen24-7";
				PRODUCT_NAME = "$(TARGET_NAME)";
				SWIFT_EMIT_LOC_STRINGS = YES;
				SWIFT_VERSION = 5.0;
				TARGETED_DEVICE_FAMILY = "1,2";
			};
			name = Release;
		};
/* End XCBuildConfiguration section */

/* Begin XCConfigurationList section */
		61112BCD2B979AE300FA0008 /* Build configuration list for PBXProject "Listen24-7" */ = {
			isa = XCConfigurationList;
			buildConfigurations = (
				61112BE42B979AE500FA0008 /* Debug */,
				61112BE52B979AE500FA0008 /* Release */,
			);
			defaultConfigurationIsVisible = 0;
			defaultConfigurationName = Release;
		};
		61112BE62B979AE500FA0008 /* Build configuration list for PBXNativeTarget "Listen24-7" */ = {
			isa = XCConfigurationList;
			buildConfigurations = (
				61112BE72B979AE500FA0008 /* Debug */,
				61112BE82B979AE500FA0008 /* Release */,
			);
			defaultConfigurationIsVisible = 0;
			defaultConfigurationName = Release;
		};
/* End XCConfigurationList section */
	};
	rootObject = 61112BCA2B979AE300FA0008 /* Project object */;
}
